dependencies:
- name: global-templates
  repository: file://../global-templates
  version: 1.16.0
- name: common
  repository: https://charts.bitnami.com/bitnami
  version: 2.27.0
digest: sha256:a1156f8478320b302099686b880e8b457505effbc753432a10f0bec45df4eeb0
generated: "2026-02-10T13:36:04.167149+01:00"
