dependencies:
- name: global-templates
  repository: file://../global-templates
  version: 1.15.0
- name: common
  repository: https://charts.bitnami.com/bitnami
  version: 2.27.0
digest: sha256:495bda4a3ae3f63a71715c88a9cf8c71b9ccc9632a3a4d905ea3c2d0a5d502eb
generated: "2026-02-09T17:34:49.705402+01:00"
